// !$*UTF8*$!
{
	archiveVersion = 1;
	classes = {
	};
	objectVersion = 46;
	objects = {

/* Begin PBXBuildFile section */
		434CB1DE1EA6FC4A00231AD9 /* AppDelegate.swift in Sources */ = {isa = PBXBuildFile; fileRef = 434CB1DD1EA6FC4A00231AD9 /* AppDelegate.swift */; };
		434CB1E01EA6FC4A00231AD9 /* ViewController.swift in Sources */ = {isa = PBXBuildFile; fileRef = 434CB1DF1EA6FC4A00231AD9 /* ViewController.swift */; };
		434CB1E31EA6FC4A00231AD9 /* Main.storyboard in Resources */ = {isa = PBXBuildFile; fileRef = 434CB1E11EA6FC4A00231AD9 /* Main.storyboard */; };
		434CB1E51EA6FC4A00231AD9 /* Assets.xcassets in Resources */ = {isa = PBXBuildFile; fileRef = 434CB1E41EA6FC4A00231AD9 /* Assets.xcassets */; };
		434CB1E81EA6FC4A00231AD9 /* LaunchScreen.storyboard in Resources */ = {isa = PBXBuildFile; fileRef = 434CB1E61EA6FC4A00231AD9 /* LaunchScreen.storyboard */; };
		434CB1F31EA6FC4A00231AD9 /* ZYPLineDemoTests.swift in Sources */ = {isa = PBXBuildFile; fileRef = 434CB1F21EA6FC4A00231AD9 /* ZYPLineDemoTests.swift */; };
		434CB1FE1EA6FC4A00231AD9 /* ZYPLineDemoUITests.swift in Sources */ = {isa = PBXBuildFile; fileRef = 434CB1FD1EA6FC4A00231AD9 /* ZYPLineDemoUITests.swift */; };
		434CB20C1EA6FCDF00231AD9 /* Podfile in Resources */ = {isa = PBXBuildFile; fileRef = 434CB20B1EA6FCDF00231AD9 /* Podfile */; };
		434CB2101EA7556500231AD9 /* SeparatorLine.swift in Sources */ = {isa = PBXBuildFile; fileRef = 434CB20F1EA7556500231AD9 /* SeparatorLine.swift */; };
		F8AA7A3F47FE71F6C612094F /* Pods_ZYPLineDemo.framework in Frameworks */ = {isa = PBXBuildFile; fileRef = 75CD6F2E084D3B3C68DD5E7A /* Pods_ZYPLineDemo.framework */; };
/* End PBXBuildFile section */

/* Begin PBXContainerItemProxy section */
		434CB1EF1EA6FC4A00231AD9 /* PBXContainerItemProxy */ = {
			isa = PBXContainerItemProxy;
			containerPortal = 434CB1D21EA6FC4A00231AD9 /* Project object */;
			proxyType = 1;
			remoteGlobalIDString = 434CB1D91EA6FC4A00231AD9;
			remoteInfo = ZYPLineDemo;
		};
		434CB1FA1EA6FC4A00231AD9 /* PBXContainerItemProxy */ = {
			isa = PBXContainerItemProxy;
			containerPortal = 434CB1D21EA6FC4A00231AD9 /* Project object */;
			proxyType = 1;
			remoteGlobalIDString = 434CB1D91EA6FC4A00231AD9;
			remoteInfo = ZYPLineDemo;
		};
/* End PBXContainerItemProxy section */

/* Begin PBXFileReference section */
		434CB1DA1EA6FC4A00231AD9 /* ZYPLineDemo.app */ = {isa = PBXFileReference; explicitFileType = wrapper.application; includeInIndex = 0; path = ZYPLineDemo.app; sourceTree = BUILT_PRODUCTS_DIR; };
		434CB1DD1EA6FC4A00231AD9 /* AppDelegate.swift */ = {isa = PBXFileReference; lastKnownFileType = sourcecode.swift; path = AppDelegate.swift; sourceTree = "<group>"; };
		434CB1DF1EA6FC4A00231AD9 /* ViewController.swift */ = {isa = PBXFileReference; lastKnownFileType = sourcecode.swift; path = ViewController.swift; sourceTree = "<group>"; };
		434CB1E21EA6FC4A00231AD9 /* Base */ = {isa = PBXFileReference; lastKnownFileType = file.storyboard; name = Base; path = Base.lproj/Main.storyboard; sourceTree = "<group>"; };
		434CB1E41EA6FC4A00231AD9 /* Assets.xcassets */ = {isa = PBXFileReference; lastKnownFileType = folder.assetcatalog; path = Assets.xcassets; sourceTree = "<group>"; };
		434CB1E71EA6FC4A00231AD9 /* Base */ = {isa = PBXFileReference; lastKnownFileType = file.storyboard; name = Base; path = Base.lproj/LaunchScreen.storyboard; sourceTree = "<group>"; };
		434CB1E91EA6FC4A00231AD9 /* Info.plist */ = {isa = PBXFileReference; lastKnownFileType = text.plist.xml; path = Info.plist; sourceTree = "<group>"; };
		434CB1EE1EA6FC4A00231AD9 /* ZYPLineDemoTests.xctest */ = {isa = PBXFileReference; explicitFileType = wrapper.cfbundle; includeInIndex = 0; path = ZYPLineDemoTests.xctest; sourceTree = BUILT_PRODUCTS_DIR; };
		434CB1F21EA6FC4A00231AD9 /* ZYPLineDemoTests.swift */ = {isa = PBXFileReference; lastKnownFileType = sourcecode.swift; path = ZYPLineDemoTests.swift; sourceTree = "<group>"; };
		434CB1F41EA6FC4A00231AD9 /* Info.plist */ = {isa = PBXFileReference; lastKnownFileType = text.plist.xml; path = Info.plist; sourceTree = "<group>"; };
		434CB1F91EA6FC4A00231AD9 /* ZYPLineDemoUITests.xctest */ = {isa = PBXFileReference; explicitFileType = wrapper.cfbundle; includeInIndex = 0; path = ZYPLineDemoUITests.xctest; sourceTree = BUILT_PRODUCTS_DIR; };
		434CB1FD1EA6FC4A00231AD9 /* ZYPLineDemoUITests.swift */ = {isa = PBXFileReference; lastKnownFileType = sourcecode.swift; path = ZYPLineDemoUITests.swift; sourceTree = "<group>"; };
		434CB1FF1EA6FC4A00231AD9 /* Info.plist */ = {isa = PBXFileReference; lastKnownFileType = text.plist.xml; path = Info.plist; sourceTree = "<group>"; };
		434CB20B1EA6FCDF00231AD9 /* Podfile */ = {isa = PBXFileReference; fileEncoding = 4; lastKnownFileType = text; path = Podfile; sourceTree = "<group>"; xcLanguageSpecificationIdentifier = xcode.lang.ruby; };
		434CB20F1EA7556500231AD9 /* SeparatorLine.swift */ = {isa = PBXFileReference; fileEncoding = 4; lastKnownFileType = sourcecode.swift; path = SeparatorLine.swift; sourceTree = "<group>"; };
		75CD6F2E084D3B3C68DD5E7A /* Pods_ZYPLineDemo.framework */ = {isa = PBXFileReference; explicitFileType = wrapper.framework; includeInIndex = 0; path = Pods_ZYPLineDemo.framework; sourceTree = BUILT_PRODUCTS_DIR; };
		9306F50F46A9472420B5E58B /* Pods-ZYPLineDemo.debug.xcconfig */ = {isa = PBXFileReference; includeInIndex = 1; lastKnownFileType = text.xcconfig; name = "Pods-ZYPLineDemo.debug.xcconfig"; path = "Pods/Target Support Files/Pods-ZYPLineDemo/Pods-ZYPLineDemo.debug.xcconfig"; sourceTree = "<group>"; };
		D51D164D7F72F194DD6142D7 /* Pods-ZYPLineDemo.release.xcconfig */ = {isa = PBXFileReference; includeInIndex = 1; lastKnownFileType = text.xcconfig; name = "Pods-ZYPLineDemo.release.xcconfig"; path = "Pods/Target Support Files/Pods-ZYPLineDemo/Pods-ZYPLineDemo.release.xcconfig"; sourceTree = "<group>"; };
/* End PBXFileReference section */

/* Begin PBXFrameworksBuildPhase section */
		434CB1D71EA6FC4A00231AD9 /* Frameworks */ = {
			isa = PBXFrameworksBuildPhase;
			buildActionMask = 2147483647;
			files = (
				F8AA7A3F47FE71F6C612094F /* Pods_ZYPLineDemo.framework in Frameworks */,
			);
			runOnlyForDeploymentPostprocessing = 0;
		};
		434CB1EB1EA6FC4A00231AD9 /* Frameworks */ = {
			isa = PBXFrameworksBuildPhase;
			buildActionMask = 2147483647;
			files = (
			);
			runOnlyForDeploymentPostprocessing = 0;
		};
		434CB1F61EA6FC4A00231AD9 /* Frameworks */ = {
			isa = PBXFrameworksBuildPhase;
			buildActionMask = 2147483647;
			files = (
			);
			runOnlyForDeploymentPostprocessing = 0;
		};
/* End PBXFrameworksBuildPhase section */

/* Begin PBXGroup section */
		434CB1D11EA6FC4A00231AD9 = {
			isa = PBXGroup;
			children = (
				434CB20B1EA6FCDF00231AD9 /* Podfile */,
				434CB1DC1EA6FC4A00231AD9 /* ZYPLineDemo */,
				434CB1F11EA6FC4A00231AD9 /* ZYPLineDemoTests */,
				434CB1FC1EA6FC4A00231AD9 /* ZYPLineDemoUITests */,
				434CB1DB1EA6FC4A00231AD9 /* Products */,
				F194B30CD929A1F42EF9B58F /* Pods */,
				6DADFAC7B353D9CFD586A993 /* Frameworks */,
			);
			sourceTree = "<group>";
		};
		434CB1DB1EA6FC4A00231AD9 /* Products */ = {
			isa = PBXGroup;
			children = (
				434CB1DA1EA6FC4A00231AD9 /* ZYPLineDemo.app */,
				434CB1EE1EA6FC4A00231AD9 /* ZYPLineDemoTests.xctest */,
				434CB1F91EA6FC4A00231AD9 /* ZYPLineDemoUITests.xctest */,
			);
			name = Products;
			sourceTree = "<group>";
		};
		434CB1DC1EA6FC4A00231AD9 /* ZYPLineDemo */ = {
			isa = PBXGroup;
			children = (
				434CB1DD1EA6FC4A00231AD9 /* AppDelegate.swift */,
				434CB1DF1EA6FC4A00231AD9 /* ViewController.swift */,
				434CB20F1EA7556500231AD9 /* SeparatorLine.swift */,
				434CB1E11EA6FC4A00231AD9 /* Main.storyboard */,
				434CB1E41EA6FC4A00231AD9 /* Assets.xcassets */,
				434CB1E61EA6FC4A00231AD9 /* LaunchScreen.storyboard */,
				434CB1E91EA6FC4A00231AD9 /* Info.plist */,
			);
			path = ZYPLineDemo;
			sourceTree = "<group>";
		};
		434CB1F11EA6FC4A00231AD9 /* ZYPLineDemoTests */ = {
			isa = PBXGroup;
			children = (
				434CB1F21EA6FC4A00231AD9 /* ZYPLineDemoTests.swift */,
				434CB1F41EA6FC4A00231AD9 /* Info.plist */,
			);
			path = ZYPLineDemoTests;
			sourceTree = "<group>";
		};
		434CB1FC1EA6FC4A00231AD9 /* ZYPLineDemoUITests */ = {
			isa = PBXGroup;
			children = (
				434CB1FD1EA6FC4A00231AD9 /* ZYPLineDemoUITests.swift */,
				434CB1FF1EA6FC4A00231AD9 /* Info.plist */,
			);
			path = ZYPLineDemoUITests;
			sourceTree = "<group>";
		};
		6DADFAC7B353D9CFD586A993 /* Frameworks */ = {
			isa = PBXGroup;
			children = (
				75CD6F2E084D3B3C68DD5E7A /* Pods_ZYPLineDemo.framework */,
			);
			name = Frameworks;
			sourceTree = "<group>";
		};
		F194B30CD929A1F42EF9B58F /* Pods */ = {
			isa = PBXGroup;
			children = (
				9306F50F46A9472420B5E58B /* Pods-ZYPLineDemo.debug.xcconfig */,
				D51D164D7F72F194DD6142D7 /* Pods-ZYPLineDemo.release.xcconfig */,
			);
			name = Pods;
			sourceTree = "<group>";
		};
/* End PBXGroup section */

/* Begin PBXNativeTarget section */
		434CB1D91EA6FC4A00231AD9 /* ZYPLineDemo */ = {
			isa = PBXNativeTarget;
			buildConfigurationList = 434CB2021EA6FC4A00231AD9 /* Build configuration list for PBXNativeTarget "ZYPLineDemo" */;
			buildPhases = (
				9737BEA4A9271F6EC823116E /* [CP] Check Pods Manifest.lock */,
				434CB1D61EA6FC4A00231AD9 /* Sources */,
				434CB1D71EA6FC4A00231AD9 /* Frameworks */,
				434CB1D81EA6FC4A00231AD9 /* Resources */,
				8694C279EA4BDD8B56740CCA /* [CP] Embed Pods Frameworks */,
				58A1B4CBB56C09CAD4AD1BB6 /* [CP] Copy Pods Resources */,
			);
			buildRules = (
			);
			dependencies = (
			);
			name = ZYPLineDemo;
			productName = ZYPLineDemo;
			productReference = 434CB1DA1EA6FC4A00231AD9 /* ZYPLineDemo.app */;
			productType = "com.apple.product-type.application";
		};
		434CB1ED1EA6FC4A00231AD9 /* ZYPLineDemoTests */ = {
			isa = PBXNativeTarget;
			buildConfigurationList = 434CB2051EA6FC4A00231AD9 /* Build configuration list for PBXNativeTarget "ZYPLineDemoTests" */;
			buildPhases = (
				434CB1EA1EA6FC4A00231AD9 /* Sources */,
				434CB1EB1EA6FC4A00231AD9 /* Frameworks */,
				434CB1EC1EA6FC4A00231AD9 /* Resources */,
			);
			buildRules = (
			);
			dependencies = (
				434CB1F01EA6FC4A00231AD9 /* PBXTargetDependency */,
			);
			name = ZYPLineDemoTests;
			productName = ZYPLineDemoTests;
			productReference = 434CB1EE1EA6FC4A00231AD9 /* ZYPLineDemoTests.xctest */;
			productType = "com.apple.product-type.bundle.unit-test";
		};
		434CB1F81EA6FC4A00231AD9 /* ZYPLineDemoUITests */ = {
			isa = PBXNativeTarget;
			buildConfigurationList = 434CB2081EA6FC4A00231AD9 /* Build configuration list for PBXNativeTarget "ZYPLineDemoUITests" */;
			buildPhases = (
				434CB1F51EA6FC4A00231AD9 /* Sources */,
				434CB1F61EA6FC4A00231AD9 /* Frameworks */,
				434CB1F71EA6FC4A00231AD9 /* Resources */,
			);
			buildRules = (
			);
			dependencies = (
				434CB1FB1EA6FC4A00231AD9 /* PBXTargetDependency */,
			);
			name = ZYPLineDemoUITests;
			productName = ZYPLineDemoUITests;
			productReference = 434CB1F91EA6FC4A00231AD9 /* ZYPLineDemoUITests.xctest */;
			productType = "com.apple.product-type.bundle.ui-testing";
		};
/* End PBXNativeTarget section */

/* Begin PBXProject section */
		434CB1D21EA6FC4A00231AD9 /* Project object */ = {
			isa = PBXProject;
			attributes = {
				LastSwiftUpdateCheck = 0830;
				LastUpgradeCheck = 0830;
				ORGANIZATIONNAME = "yunpeng zhang";
				TargetAttributes = {
					434CB1D91EA6FC4A00231AD9 = {
						CreatedOnToolsVersion = 8.3.1;
						DevelopmentTeam = 9SVCHZ5CP5;
						ProvisioningStyle = Automatic;
					};
					434CB1ED1EA6FC4A00231AD9 = {
						CreatedOnToolsVersion = 8.3.1;
						DevelopmentTeam = 9SVCHZ5CP5;
						ProvisioningStyle = Automatic;
						TestTargetID = 434CB1D91EA6FC4A00231AD9;
					};
					434CB1F81EA6FC4A00231AD9 = {
						CreatedOnToolsVersion = 8.3.1;
						DevelopmentTeam = 9SVCHZ5CP5;
						ProvisioningStyle = Automatic;
						TestTargetID = 434CB1D91EA6FC4A00231AD9;
					};
				};
			};
			buildConfigurationList = 434CB1D51EA6FC4A00231AD9 /* Build configuration list for PBXProject "ZYPLineDemo" */;
			compatibilityVersion = "Xcode 3.2";
			developmentRegion = English;
			hasScannedForEncodings = 0;
			knownRegions = (
				en,
				Base,
			);
			mainGroup = 434CB1D11EA6FC4A00231AD9;
			productRefGroup = 434CB1DB1EA6FC4A00231AD9 /* Products */;
			projectDirPath = "";
			projectRoot = "";
			targets = (
				434CB1D91EA6FC4A00231AD9 /* ZYPLineDemo */,
				434CB1ED1EA6FC4A00231AD9 /* ZYPLineDemoTests */,
				434CB1F81EA6FC4A00231AD9 /* ZYPLineDemoUITests */,
			);
		};
/* End PBXProject section */

/* Begin PBXResourcesBuildPhase section */
		434CB1D81EA6FC4A00231AD9 /* Resources */ = {
			isa = PBXResourcesBuildPhase;
			buildActionMask = 2147483647;
			files = (
				434CB1E81EA6FC4A00231AD9 /* LaunchScreen.storyboard in Resources */,
				434CB1E51EA6FC4A00231AD9 /* Assets.xcassets in Resources */,
				434CB20C1EA6FCDF00231AD9 /* Podfile in Resources */,
				434CB1E31EA6FC4A00231AD9 /* Main.storyboard in Resources */,
			);
			runOnlyForDeploymentPostprocessing = 0;
		};
		434CB1EC1EA6FC4A00231AD9 /* Resources */ = {
			isa = PBXResourcesBuildPhase;
			buildActionMask = 2147483647;
			files = (
			);
			runOnlyForDeploymentPostprocessing = 0;
		};
		434CB1F71EA6FC4A00231AD9 /* Resources */ = {
			isa = PBXResourcesBuildPhase;
			buildActionMask = 2147483647;
			files = (
			);
			runOnlyForDeploymentPostprocessing = 0;
		};
/* End PBXResourcesBuildPhase section */

/* Begin PBXShellScriptBuildPhase section */
		58A1B4CBB56C09CAD4AD1BB6 /* [CP] Copy Pods Resources */ = {
			isa = PBXShellScriptBuildPhase;
			buildActionMask = 2147483647;
			files = (
			);
			inputPaths = (
			);
			name = "[CP] Copy Pods Resources";
			outputPaths = (
			);
			runOnlyForDeploymentPostprocessing = 0;
			shellPath = /bin/sh;
			shellScript = "\"${SRCROOT}/Pods/Target Support Files/Pods-ZYPLineDemo/Pods-ZYPLineDemo-resources.sh\"\n";
			showEnvVarsInLog = 0;
		};
		8694C279EA4BDD8B56740CCA /* [CP] Embed Pods Frameworks */ = {
			isa = PBXShellScriptBuildPhase;
			buildActionMask = 2147483647;
			files = (
			);
			inputPaths = (
			);
			name = "[CP] Embed Pods Frameworks";
			outputPaths = (
			);
			runOnlyForDeploymentPostprocessing = 0;
			shellPath = /bin/sh;
			shellScript = "\"${SRCROOT}/Pods/Target Support Files/Pods-ZYPLineDemo/Pods-ZYPLineDemo-frameworks.sh\"\n";
			showEnvVarsInLog = 0;
		};
		9737BEA4A9271F6EC823116E /* [CP] Check Pods Manifest.lock */ = {
			isa = PBXShellScriptBuildPhase;
			buildActionMask = 2147483647;
			files = (
			);
			inputPaths = (
			);
			name = "[CP] Check Pods Manifest.lock";
			outputPaths = (
			);
			runOnlyForDeploymentPostprocessing = 0;
			shellPath = /bin/sh;
			shellScript = "diff \"${PODS_ROOT}/../Podfile.lock\" \"${PODS_ROOT}/Manifest.lock\" > /dev/null\nif [ $? != 0 ] ; then\n    # print error to STDERR\n    echo \"error: The sandbox is not in sync with the Podfile.lock. Run 'pod install' or update your CocoaPods installation.\" >&2\n    exit 1\nfi\n";
			showEnvVarsInLog = 0;
		};
/* End PBXShellScriptBuildPhase section */

/* Begin PBXSourcesBuildPhase section */
		434CB1D61EA6FC4A00231AD9 /* Sources */ = {
			isa = PBXSourcesBuildPhase;
			buildActionMask = 2147483647;
			files = (
				434CB2101EA7556500231AD9 /* SeparatorLine.swift in Sources */,
				434CB1E01EA6FC4A00231AD9 /* ViewController.swift in Sources */,
				434CB1DE1EA6FC4A00231AD9 /* AppDelegate.swift in Sources */,
			);
			runOnlyForDeploymentPostprocessing = 0;
		};
		434CB1EA1EA6FC4A00231AD9 /* Sources */ = {
			isa = PBXSourcesBuildPhase;
			buildActionMask = 2147483647;
			files = (
				434CB1F31EA6FC4A00231AD9 /* ZYPLineDemoTests.swift in Sources */,
			);
			runOnlyForDeploymentPostprocessing = 0;
		};
		434CB1F51EA6FC4A00231AD9 /* Sources */ = {
			isa = PBXSourcesBuildPhase;
			buildActionMask = 2147483647;
			files = (
				434CB1FE1EA6FC4A00231AD9 /* ZYPLineDemoUITests.swift in Sources */,
			);
			runOnlyForDeploymentPostprocessing = 0;
		};
/* End PBXSourcesBuildPhase section */

/* Begin PBXTargetDependency section */
		434CB1F01EA6FC4A00231AD9 /* PBXTargetDependency */ = {
			isa = PBXTargetDependency;
			target = 434CB1D91EA6FC4A00231AD9 /* ZYPLineDemo */;
			targetProxy = 434CB1EF1EA6FC4A00231AD9 /* PBXContainerItemProxy */;
		};
		434CB1FB1EA6FC4A00231AD9 /* PBXTargetDependency */ = {
			isa = PBXTargetDependency;
			target = 434CB1D91EA6FC4A00231AD9 /* ZYPLineDemo */;
			targetProxy = 434CB1FA1EA6FC4A00231AD9 /* PBXContainerItemProxy */;
		};
/* End PBXTargetDependency section */

/* Begin PBXVariantGroup section */
		434CB1E11EA6FC4A00231AD9 /* Main.storyboard */ = {
			isa = PBXVariantGroup;
			children = (
				434CB1E21EA6FC4A00231AD9 /* Base */,
			);
			name = Main.storyboard;
			sourceTree = "<group>";
		};
		434CB1E61EA6FC4A00231AD9 /* LaunchScreen.storyboard */ = {
			isa = PBXVariantGroup;
			children = (
				434CB1E71EA6FC4A00231AD9 /* Base */,
			);
			name = LaunchScreen.storyboard;
			sourceTree = "<group>";
		};
/* End PBXVariantGroup section */

/* Begin XCBuildConfiguration section */
		434CB2001EA6FC4A00231AD9 /* Debug */ = {
			isa = XCBuildConfiguration;
			buildSettings = {
				ALWAYS_SEARCH_USER_PATHS = NO;
				CLANG_ANALYZER_NONNULL = YES;
				CLANG_ANALYZER_NUMBER_OBJECT_CONVERSION = YES_AGGRESSIVE;
				CLANG_CXX_LANGUAGE_STANDARD = "gnu++0x";
				CLANG_CXX_LIBRARY = "libc++";
				CLANG_ENABLE_MODULES = YES;
				CLANG_ENABLE_OBJC_ARC = YES;
				CLANG_WARN_BOOL_CONVERSION = YES;
				CLANG_WARN_CONSTANT_CONVERSION = YES;
				CLANG_WARN_DIRECT_OBJC_ISA_USAGE = YES_ERROR;
				CLANG_WARN_DOCUMENTATION_COMMENTS = YES;
				CLANG_WARN_EMPTY_BODY = YES;
				CLANG_WARN_ENUM_CONVERSION = YES;
				CLANG_WARN_INFINITE_RECURSION = YES;
				CLANG_WARN_INT_CONVERSION = YES;
				CLANG_WARN_OBJC_ROOT_CLASS = YES_ERROR;
				CLANG_WARN_SUSPICIOUS_MOVE = YES;
				CLANG_WARN_UNREACHABLE_CODE = YES;
				CLANG_WARN__DUPLICATE_METHOD_MATCH = YES;
				"CODE_SIGN_IDENTITY[sdk=iphoneos*]" = "iPhone Developer";
				COPY_PHASE_STRIP = NO;
				DEBUG_INFORMATION_FORMAT = dwarf;
				ENABLE_STRICT_OBJC_MSGSEND = YES;
				ENABLE_TESTABILITY = YES;
				GCC_C_LANGUAGE_STANDARD = gnu99;
				GCC_DYNAMIC_NO_PIC = NO;
				GCC_NO_COMMON_BLOCKS = YES;
				GCC_OPTIMIZATION_LEVEL = 0;
				GCC_PREPROCESSOR_DEFINITIONS = (
					"DEBUG=1",
					"$(inherited)",
				);
				GCC_WARN_64_TO_32_BIT_CONVERSION = YES;
				GCC_WARN_ABOUT_RETURN_TYPE = YES_ERROR;
				GCC_WARN_UNDECLARED_SELECTOR = YES;
				GCC_WARN_UNINITIALIZED_AUTOS = YES_AGGRESSIVE;
				GCC_WARN_UNUSED_FUNCTION = YES;
				GCC_WARN_UNUSED_VARIABLE = YES;
				IPHONEOS_DEPLOYMENT_TARGET = 10.3;
				MTL_ENABLE_DEBUG_INFO = YES;
				ONLY_ACTIVE_ARCH = YES;
				SDKROOT = iphoneos;
				SWIFT_ACTIVE_COMPILATION_CONDITIONS = DEBUG;
				SWIFT_OPTIMIZATION_LEVEL = "-Onone";
			};
			name = Debug;
		};
		434CB2011EA6FC4A00231AD9 /* Release */ = {
			isa = XCBuildConfiguration;
			buildSettings = {
				ALWAYS_SEARCH_USER_PATHS = NO;
				CLANG_ANALYZER_NONNULL = YES;
				CLANG_ANALYZER_NUMBER_OBJECT_CONVERSION = YES_AGGRESSIVE;
				CLANG_CXX_LANGUAGE_STANDARD = "gnu++0x";
				CLANG_CXX_LIBRARY = "libc++";
				CLANG_ENABLE_MODULES = YES;
				CLANG_ENABLE_OBJC_ARC = YES;
				CLANG_WARN_BOOL_CONVERSION = YES;
				CLANG_WARN_CONSTANT_CONVERSION = YES;
				CLANG_WARN_DIRECT_OBJC_ISA_USAGE = YES_ERROR;
				CLANG_WARN_DOCUMENTATION_COMMENTS = YES;
				CLANG_WARN_EMPTY_BODY = YES;
				CLANG_WARN_ENUM_CONVERSION = YES;
				CLANG_WARN_INFINITE_RECURSION = YES;
				CLANG_WARN_INT_CONVERSION = YES;
				CLANG_WARN_OBJC_ROOT_CLASS = YES_ERROR;
				CLANG_WARN_SUSPICIOUS_MOVE = YES;
				CLANG_WARN_UNREACHABLE_CODE = YES;
				CLANG_WARN__DUPLICATE_METHOD_MATCH = YES;
				"CODE_SIGN_IDENTITY[sdk=iphoneos*]" = "iPhone Developer";
				COPY_PHASE_STRIP = NO;
				DEBUG_INFORMATION_FORMAT = "dwarf-with-dsym";
				ENABLE_NS_ASSERTIONS = NO;
				ENABLE_STRICT_OBJC_MSGSEND = YES;
				GCC_C_LANGUAGE_STANDARD = gnu99;
				GCC_NO_COMMON_BLOCKS = YES;
				GCC_WARN_64_TO_32_BIT_CONVERSION = YES;
				GCC_WARN_ABOUT_RETURN_TYPE = YES_ERROR;
				GCC_WARN_UNDECLARED_SELECTOR = YES;
				GCC_WARN_UNINITIALIZED_AUTOS = YES_AGGRESSIVE;
				GCC_WARN_UNUSED_FUNCTION = YES;
				GCC_WARN_UNUSED_VARIABLE = YES;
				IPHONEOS_DEPLOYMENT_TARGET = 10.3;
				MTL_ENABLE_DEBUG_INFO = NO;
				SDKROOT = iphoneos;
				SWIFT_OPTIMIZATION_LEVEL = "-Owholemodule";
				VALIDATE_PRODUCT = YES;
			};
			name = Release;
		};
		434CB2031EA6FC4A00231AD9 /* Debug */ = {
			isa = XCBuildConfiguration;
			baseConfigurationReference = 9306F50F46A9472420B5E58B /* Pods-ZYPLineDemo.debug.xcconfig */;
			buildSettings = {
				ASSETCATALOG_COMPILER_APPICON_NAME = AppIcon;
				DEVELOPMENT_TEAM = 9SVCHZ5CP5;
				INFOPLIST_FILE = ZYPLineDemo/Info.plist;
				LD_RUNPATH_SEARCH_PATHS = "$(inherited) @executable_path/Frameworks";
				PRODUCT_BUNDLE_IDENTIFIER = ZYPLineDemo.ZYPLineDemo;
				PRODUCT_NAME = "$(TARGET_NAME)";
				SWIFT_VERSION = 3.0;
			};
			name = Debug;
		};
		434CB2041EA6FC4A00231AD9 /* Release */ = {
			isa = XCBuildConfiguration;
			baseConfigurationReference = D51D164D7F72F194DD6142D7 /* Pods-ZYPLineDemo.release.xcconfig */;
			buildSettings = {
				ASSETCATALOG_COMPILER_APPICON_NAME = AppIcon;
				DEVELOPMENT_TEAM = 9SVCHZ5CP5;
				INFOPLIST_FILE = ZYPLineDemo/Info.plist;
				LD_RUNPATH_SEARCH_PATHS = "$(inherited) @executable_path/Frameworks";
				PRODUCT_BUNDLE_IDENTIFIER = ZYPLineDemo.ZYPLineDemo;
				PRODUCT_NAME = "$(TARGET_NAME)";
				SWIFT_VERSION = 3.0;
			};
			name = Release;
		};
		434CB2061EA6FC4A00231AD9 /* Debug */ = {
			isa = XCBuildConfiguration;
			buildSettings = {
				ALWAYS_EMBED_SWIFT_STANDARD_LIBRARIES = YES;
				BUNDLE_LOADER = "$(TEST_HOST)";
				DEVELOPMENT_TEAM = 9SVCHZ5CP5;
				INFOPLIST_FILE = ZYPLineDemoTests/Info.plist;
				LD_RUNPATH_SEARCH_PATHS = "$(inherited) @executable_path/Frameworks @loader_path/Frameworks";
				PRODUCT_BUNDLE_IDENTIFIER = ZYPLineDemo.ZYPLineDemoTests;
				PRODUCT_NAME = "$(TARGET_NAME)";
				SWIFT_VERSION = 3.0;
				TEST_HOST = "$(BUILT_PRODUCTS_DIR)/ZYPLineDemo.app/ZYPLineDemo";
			};
			name = Debug;
		};
		434CB2071EA6FC4A00231AD9 /* Release */ = {
			isa = XCBuildConfiguration;
			buildSettings = {
				ALWAYS_EMBED_SWIFT_STANDARD_LIBRARIES = YES;
				BUNDLE_LOADER = "$(TEST_HOST)";
				DEVELOPMENT_TEAM = 9SVCHZ5CP5;
				INFOPLIST_FILE = ZYPLineDemoTests/Info.plist;
				LD_RUNPATH_SEARCH_PATHS = "$(inherited) @executable_path/Frameworks @loader_path/Frameworks";
				PRODUCT_BUNDLE_IDENTIFIER = ZYPLineDemo.ZYPLineDemoTests;
				PRODUCT_NAME = "$(TARGET_NAME)";
				SWIFT_VERSION = 3.0;
				TEST_HOST = "$(BUILT_PRODUCTS_DIR)/ZYPLineDemo.app/ZYPLineDemo";
			};
			name = Release;
		};
		434CB2091EA6FC4A00231AD9 /* Debug */ = {
			isa = XCBuildConfiguration;
			buildSettings = {
				ALWAYS_EMBED_SWIFT_STANDARD_LIBRARIES = YES;
				DEVELOPMENT_TEAM = 9SVCHZ5CP5;
				INFOPLIST_FILE = ZYPLineDemoUITests/Info.plist;
				LD_RUNPATH_SEARCH_PATHS = "$(inherited) @executable_path/Frameworks @loader_path/Frameworks";
				PRODUCT_BUNDLE_IDENTIFIER = ZYPLineDemo.ZYPLineDemoUITests;
				PRODUCT_NAME = "$(TARGET_NAME)";
				SWIFT_VERSION = 3.0;
				TEST_TARGET_NAME = ZYPLineDemo;
			};
			name = Debug;
		};
		434CB20A1EA6FC4A00231AD9 /* Release */ = {
			isa = XCBuildConfiguration;
			buildSettings = {
				ALWAYS_EMBED_SWIFT_STANDARD_LIBRARIES = YES;
				DEVELOPMENT_TEAM = 9SVCHZ5CP5;
				INFOPLIST_FILE = ZYPLineDemoUITests/Info.plist;
				LD_RUNPATH_SEARCH_PATHS = "$(inherited) @executable_path/Frameworks @loader_path/Frameworks";
				PRODUCT_BUNDLE_IDENTIFIER = ZYPLineDemo.ZYPLineDemoUITests;
				PRODUCT_NAME = "$(TARGET_NAME)";
				SWIFT_VERSION = 3.0;
				TEST_TARGET_NAME = ZYPLineDemo;
			};
			name = Release;
		};
/* End XCBuildConfiguration section */

/* Begin XCConfigurationList section */
		434CB1D51EA6FC4A00231AD9 /* Build configuration list for PBXProject "ZYPLineDemo" */ = {
			isa = XCConfigurationList;
			buildConfigurations = (
				434CB2001EA6FC4A00231AD9 /* Debug */,
				434CB2011EA6FC4A00231AD9 /* Release */,
			);
			defaultConfigurationIsVisible = 0;
			defaultConfigurationName = Release;
		};
		434CB2021EA6FC4A00231AD9 /* Build configuration list for PBXNativeTarget "ZYPLineDemo" */ = {
			isa = XCConfigurationList;
			buildConfigurations = (
				434CB2031EA6FC4A00231AD9 /* Debug */,
				434CB2041EA6FC4A00231AD9 /* Release */,
			);
			defaultConfigurationIsVisible = 0;
			defaultConfigurationName = Release;
		};
		434CB2051EA6FC4A00231AD9 /* Build configuration list for PBXNativeTarget "ZYPLineDemoTests" */ = {
			isa = XCConfigurationList;
			buildConfigurations = (
				434CB2061EA6FC4A00231AD9 /* Debug */,
				434CB2071EA6FC4A00231AD9 /* Release */,
			);
			defaultConfigurationIsVisible = 0;
			defaultConfigurationName = Release;
		};
		434CB2081EA6FC4A00231AD9 /* Build configuration list for PBXNativeTarget "ZYPLineDemoUITests" */ = {
			isa = XCConfigurationList;
			buildConfigurations = (
				434CB2091EA6FC4A00231AD9 /* Debug */,
				434CB20A1EA6FC4A00231AD9 /* Release */,
			);
			defaultConfigurationIsVisible = 0;
			defaultConfigurationName = Release;
		};
/* End XCConfigurationList section */
	};
	rootObject = 434CB1D21EA6FC4A00231AD9 /* Project object */;
}
